
Microsoft Visual Studio Solution File, Format Version 12.00
# Visual Studio Version 17
VisualStudioVersion = 17.9.34607.119
MinimumVisualStudioVersion = 10.0.40219.1
Project("{FAE04EC0-301F-11D3-BF4B-00C04F79EFBC}") = "MvcMovie", "MvcMovie\MvcMovie.csproj", "{DD08849C-2F4B-45C9-AA34-D8070D74E01B}"
EndProject
Global
	GlobalSection(SolutionConfigurationPlatforms) = preSolution
		Debug|Any CPU = Debug|Any CPU
		Release|Any CPU = Release|Any CPU
	EndGlobalSection
	GlobalSection(ProjectConfigurationPlatforms) = postSolution
		{DD08849C-2F4B-45C9-AA34-D8070D74E01B}.Debug|Any CPU.ActiveCfg = Debug|Any CPU
		{DD08849C-2F4B-45C9-AA34-D8070D74E01B}.Debug|Any CPU.Build.0 = Debug|Any CPU
		{DD08849C-2F4B-45C9-AA34-D8070D74E01B}.Release|Any CPU.ActiveCfg = Release|Any CPU
		{DD08849C-2F4B-45C9-AA34-D8070D74E01B}.Release|Any CPU.Build.0 = Release|Any CPU
	EndGlobalSection
	GlobalSection(SolutionProperties) = preSolution
		HideSolutionNode = FALSE
	EndGlobalSection
	GlobalSection(ExtensibilityGlobals) = postSolution
		SolutionGuid = {26BEC65B-1384-4D2B-84B6-0C3ADF0EEE93}
	EndGlobalSection
EndGlobal
